
Microsoft Visual Studio Solution File, Format Version 12.00
# Visual Studio Version 16
VisualStudioVersion = 16.0.31105.61
MinimumVisualStudioVersion = 10.0.40219.1
Project("{FAE04EC0-301F-11D3-BF4B-00C04F79EFBC}") = "FrontApplication", "FrontApplication\FrontApplication.csproj", "{5BC2935D-9892-4261-9582-936034F347B8}"
EndProject
Project("{FAE04EC0-301F-11D3-BF4B-00C04F79EFBC}") = "ApiService", "ApiService\ApiService.csproj", "{E4FF1A7B-F561-40EC-BE44-EB72D99BF135}"
EndProject
Global
	GlobalSection(SolutionConfigurationPlatforms) = preSolution
		Debug|Any CPU = Debug|Any CPU
		Release|Any CPU = Release|Any CPU
	EndGlobalSection
	GlobalSection(ProjectConfigurationPlatforms) = postSolution
		{5BC2935D-9892-4261-9582-936034F347B8}.Debug|Any CPU.ActiveCfg = Debug|Any CPU
		{5BC2935D-9892-4261-9582-936034F347B8}.Debug|Any CPU.Build.0 = Debug|Any CPU
		{5BC2935D-9892-4261-9582-936034F347B8}.Release|Any CPU.ActiveCfg = Release|Any CPU
		{5BC2935D-9892-4261-9582-936034F347B8}.Release|Any CPU.Build.0 = Release|Any CPU
		{E4FF1A7B-F561-40EC-BE44-EB72D99BF135}.Debug|Any CPU.ActiveCfg = Debug|Any CPU
		{E4FF1A7B-F561-40EC-BE44-EB72D99BF135}.Debug|Any CPU.Build.0 = Debug|Any CPU
		{E4FF1A7B-F561-40EC-BE44-EB72D99BF135}.Release|Any CPU.ActiveCfg = Release|Any CPU
		{E4FF1A7B-F561-40EC-BE44-EB72D99BF135}.Release|Any CPU.Build.0 = Release|Any CPU
	EndGlobalSection
	GlobalSection(SolutionProperties) = preSolution
		HideSolutionNode = FALSE
	EndGlobalSection
	GlobalSection(ExtensibilityGlobals) = postSolution
		SolutionGuid = {5CE7D25D-B65A-4298-93B1-10C8A82302A6}
	EndGlobalSection
EndGlobal
